
Microsoft Visual Studio Solution File, Format Version 12.00
# Visual Studio Version 17
VisualStudioVersion = 17.3.32825.248
MinimumVisualStudioVersion = 10.0.40219.1
Project("{FAE04EC0-301F-11D3-BF4B-00C04F79EFBC}") = "Winform", "Winform\Winform.csproj", "{D36B9BCA-FC74-41E8-A291-FA6D3EBB247F}"
EndProject
Project("{FAE04EC0-301F-11D3-BF4B-00C04F79EFBC}") = "Orders-Status", "Orders-Status\Orders-Status.csproj", "{0D69E016-C308-43A5-8709-303C87EC7F91}"
EndProject
Global
	GlobalSection(SolutionConfigurationPlatforms) = preSolution
		Debug|Any CPU = Debug|Any CPU
		Release|Any CPU = Release|Any CPU
	EndGlobalSection
	GlobalSection(ProjectConfigurationPlatforms) = postSolution
		{D36B9BCA-FC74-41E8-A291-FA6D3EBB247F}.Debug|Any CPU.ActiveCfg = Debug|Any CPU
		{D36B9BCA-FC74-41E8-A291-FA6D3EBB247F}.Debug|Any CPU.Build.0 = Debug|Any CPU
		{D36B9BCA-FC74-41E8-A291-FA6D3EBB247F}.Release|Any CPU.ActiveCfg = Release|Any CPU
		{D36B9BCA-FC74-41E8-A291-FA6D3EBB247F}.Release|Any CPU.Build.0 = Release|Any CPU
		{0D69E016-C308-43A5-8709-303C87EC7F91}.Debug|Any CPU.ActiveCfg = Debug|Any CPU
		{0D69E016-C308-43A5-8709-303C87EC7F91}.Debug|Any CPU.Build.0 = Debug|Any CPU
		{0D69E016-C308-43A5-8709-303C87EC7F91}.Release|Any CPU.ActiveCfg = Release|Any CPU
		{0D69E016-C308-43A5-8709-303C87EC7F91}.Release|Any CPU.Build.0 = Release|Any CPU
	EndGlobalSection
	GlobalSection(SolutionProperties) = preSolution
		HideSolutionNode = FALSE
	EndGlobalSection
	GlobalSection(ExtensibilityGlobals) = postSolution
		SolutionGuid = {40585AF0-15D3-423C-AE08-7611A0BC852E}
	EndGlobalSection
EndGlobal
